
Microsoft Visual Studio Solution File, Format Version 12.00
# Visual Studio Version 17
VisualStudioVersion = 17.10.35122.118
MinimumVisualStudioVersion = 10.0.40219.1
Project("{2150E333-8FDC-42A3-9474-1A3956D46DE8}") = "Solution Items", "Solution Items", "{F1882B6A-5F7B-421B-99C3-06F9357CEFC8}"
	ProjectSection(SolutionItems) = preProject
		docker-compose.yml = docker-compose.yml
	EndProjectSection
EndProject
Project("{9A19103F-16F7-4668-BE54-9A1E7A4F7556}") = "OrdersManager", "OrdersManager\OrdersManager.csproj", "{00980225-47F8-4D5F-9209-7AF20DD4746B}"
EndProject
Project("{9A19103F-16F7-4668-BE54-9A1E7A4F7556}") = "OrdersManager.Components", "OrdersManager.Components\OrdersManager.Components.csproj", "{ADF35C9E-C9E5-472C-AB54-B721990186D3}"
EndProject
Project("{9A19103F-16F7-4668-BE54-9A1E7A4F7556}") = "OrdersManager.Contracts", "OrdersManager.Contracts\OrdersManager.Contracts.csproj", "{CD277A61-27B0-47EF-BF5B-F1F4CAD51716}"
EndProject
Project("{E53339B2-1760-4266-BCC7-CA923CBCF16C}") = "docker-compose", "docker-compose.dcproj", "{8F788BD4-E18C-41C5-9A1F-6C1001183277}"
EndProject
Project("{FAE04EC0-301F-11D3-BF4B-00C04F79EFBC}") = "OrdersManager.SharedModels", "OrdersManager.SharedModels\OrdersManager.SharedModels.csproj", "{974DDFE4-921D-48DC-802F-958127EA51F6}"
EndProject
Global
	GlobalSection(SolutionConfigurationPlatforms) = preSolution
		Debug|Any CPU = Debug|Any CPU
		Release|Any CPU = Release|Any CPU
	EndGlobalSection
	GlobalSection(ProjectConfigurationPlatforms) = postSolution
		{00980225-47F8-4D5F-9209-7AF20DD4746B}.Debug|Any CPU.ActiveCfg = Debug|Any CPU
		{00980225-47F8-4D5F-9209-7AF20DD4746B}.Debug|Any CPU.Build.0 = Debug|Any CPU
		{00980225-47F8-4D5F-9209-7AF20DD4746B}.Release|Any CPU.ActiveCfg = Release|Any CPU
		{00980225-47F8-4D5F-9209-7AF20DD4746B}.Release|Any CPU.Build.0 = Release|Any CPU
		{ADF35C9E-C9E5-472C-AB54-B721990186D3}.Debug|Any CPU.ActiveCfg = Debug|Any CPU
		{ADF35C9E-C9E5-472C-AB54-B721990186D3}.Debug|Any CPU.Build.0 = Debug|Any CPU
		{ADF35C9E-C9E5-472C-AB54-B721990186D3}.Release|Any CPU.ActiveCfg = Release|Any CPU
		{ADF35C9E-C9E5-472C-AB54-B721990186D3}.Release|Any CPU.Build.0 = Release|Any CPU
		{CD277A61-27B0-47EF-BF5B-F1F4CAD51716}.Debug|Any CPU.ActiveCfg = Debug|Any CPU
		{CD277A61-27B0-47EF-BF5B-F1F4CAD51716}.Debug|Any CPU.Build.0 = Debug|Any CPU
		{CD277A61-27B0-47EF-BF5B-F1F4CAD51716}.Release|Any CPU.ActiveCfg = Release|Any CPU
		{CD277A61-27B0-47EF-BF5B-F1F4CAD51716}.Release|Any CPU.Build.0 = Release|Any CPU
		{8F788BD4-E18C-41C5-9A1F-6C1001183277}.Debug|Any CPU.ActiveCfg = Debug|Any CPU
		{8F788BD4-E18C-41C5-9A1F-6C1001183277}.Debug|Any CPU.Build.0 = Debug|Any CPU
		{8F788BD4-E18C-41C5-9A1F-6C1001183277}.Release|Any CPU.ActiveCfg = Release|Any CPU
		{8F788BD4-E18C-41C5-9A1F-6C1001183277}.Release|Any CPU.Build.0 = Release|Any CPU
		{974DDFE4-921D-48DC-802F-958127EA51F6}.Debug|Any CPU.ActiveCfg = Debug|Any CPU
		{974DDFE4-921D-48DC-802F-958127EA51F6}.Debug|Any CPU.Build.0 = Debug|Any CPU
		{974DDFE4-921D-48DC-802F-958127EA51F6}.Release|Any CPU.ActiveCfg = Release|Any CPU
		{974DDFE4-921D-48DC-802F-958127EA51F6}.Release|Any CPU.Build.0 = Release|Any CPU
	EndGlobalSection
	GlobalSection(SolutionProperties) = preSolution
		HideSolutionNode = FALSE
	EndGlobalSection
	GlobalSection(ExtensibilityGlobals) = postSolution
		SolutionGuid = {25B2EA33-A5DB-4310-9D18-08A37C0D78D5}
	EndGlobalSection
EndGlobal
